
Microsoft Visual Studio Solution File, Format Version 12.00
# Visual Studio 15
VisualStudioVersion = 15.0.28307.1778
MinimumVisualStudioVersion = 10.0.40219.1
Project("{8BC9CEB8-8B4A-11D0-8D11-00A0C91BC942}") = "huffman-compress", "huffman-compress\huffman-compress.vcxproj", "{11037133-23E9-49B3-A16F-424DEC7AD71A}"
EndProject
Global
	GlobalSection(SolutionConfigurationPlatforms) = preSolution
		Debug|x64 = Debug|x64
		Debug|x86 = Debug|x86
		Release|x64 = Release|x64
		Release|x86 = Release|x86
	EndGlobalSection
	GlobalSection(ProjectConfigurationPlatforms) = postSolution
		{11037133-23E9-49B3-A16F-424DEC7AD71A}.Debug|x64.ActiveCfg = Debug|x64
		{11037133-23E9-49B3-A16F-424DEC7AD71A}.Debug|x64.Build.0 = Debug|x64
		{11037133-23E9-49B3-A16F-424DEC7AD71A}.Debug|x86.ActiveCfg = Debug|Win32
		{11037133-23E9-49B3-A16F-424DEC7AD71A}.Debug|x86.Build.0 = Debug|Win32
		{11037133-23E9-49B3-A16F-424DEC7AD71A}.Release|x64.ActiveCfg = Release|x64
		{11037133-23E9-49B3-A16F-424DEC7AD71A}.Release|x64.Build.0 = Release|x64
		{11037133-23E9-49B3-A16F-424DEC7AD71A}.Release|x86.ActiveCfg = Release|Win32
		{11037133-23E9-49B3-A16F-424DEC7AD71A}.Release|x86.Build.0 = Release|Win32
	EndGlobalSection
	GlobalSection(SolutionProperties) = preSolution
		HideSolutionNode = FALSE
	EndGlobalSection
	GlobalSection(ExtensibilityGlobals) = postSolution
		SolutionGuid = {F401E969-CCDC-4BDB-A573-C12ADBBBE9A0}
	EndGlobalSection
EndGlobal
